
Microsoft Visual Studio Solution File, Format Version 12.00
# Visual Studio 15
VisualStudioVersion = 15.0.28307.960
MinimumVisualStudioVersion = 10.0.40219.1
Project("{FAE04EC0-301F-11D3-BF4B-00C04F79EFBC}") = "Sample_App", "Sample_App\Sample_App.csproj", "{ADE9752E-4D4B-4BD4-9929-5744F8695778}"
EndProject
Global
	GlobalSection(SolutionConfigurationPlatforms) = preSolution
		Debug|Any CPU = Debug|Any CPU
		Release|Any CPU = Release|Any CPU
	EndGlobalSection
	GlobalSection(ProjectConfigurationPlatforms) = postSolution
		{ADE9752E-4D4B-4BD4-9929-5744F8695778}.Debug|Any CPU.ActiveCfg = Debug|Any CPU
		{ADE9752E-4D4B-4BD4-9929-5744F8695778}.Debug|Any CPU.Build.0 = Debug|Any CPU
		{ADE9752E-4D4B-4BD4-9929-5744F8695778}.Release|Any CPU.ActiveCfg = Release|Any CPU
		{ADE9752E-4D4B-4BD4-9929-5744F8695778}.Release|Any CPU.Build.0 = Release|Any CPU
	EndGlobalSection
	GlobalSection(SolutionProperties) = preSolution
		HideSolutionNode = FALSE
	EndGlobalSection
	GlobalSection(ExtensibilityGlobals) = postSolution
		SolutionGuid = {7DDDED02-1F9C-43F6-A044-8AE5791E9A9C}
	EndGlobalSection
EndGlobal
